
Microsoft Visual Studio Solution File, Format Version 12.00
# Visual Studio Version 16
VisualStudioVersion = 16.0.31729.503
MinimumVisualStudioVersion = 10.0.40219.1
Project("{9A19103F-16F7-4668-BE54-9A1E7A4F7556}") = "Client", "Client\Client.csproj", "{DE7A4A98-9D52-44FB-9BD0-3BBB7F55B69A}"
EndProject
Project("{FAE04EC0-301F-11D3-BF4B-00C04F79EFBC}") = "Server", "Server\Server.csproj", "{FBD9AE82-B487-471F-8017-B4424AAC5312}"
EndProject
Global
	GlobalSection(SolutionConfigurationPlatforms) = preSolution
		Debug|Any CPU = Debug|Any CPU
		Release|Any CPU = Release|Any CPU
	EndGlobalSection
	GlobalSection(ProjectConfigurationPlatforms) = postSolution
		{DE7A4A98-9D52-44FB-9BD0-3BBB7F55B69A}.Debug|Any CPU.ActiveCfg = Debug|Any CPU
		{DE7A4A98-9D52-44FB-9BD0-3BBB7F55B69A}.Debug|Any CPU.Build.0 = Debug|Any CPU
		{DE7A4A98-9D52-44FB-9BD0-3BBB7F55B69A}.Release|Any CPU.ActiveCfg = Release|Any CPU
		{DE7A4A98-9D52-44FB-9BD0-3BBB7F55B69A}.Release|Any CPU.Build.0 = Release|Any CPU
		{FBD9AE82-B487-471F-8017-B4424AAC5312}.Debug|Any CPU.ActiveCfg = Debug|Any CPU
		{FBD9AE82-B487-471F-8017-B4424AAC5312}.Debug|Any CPU.Build.0 = Debug|Any CPU
		{FBD9AE82-B487-471F-8017-B4424AAC5312}.Release|Any CPU.ActiveCfg = Release|Any CPU
		{FBD9AE82-B487-471F-8017-B4424AAC5312}.Release|Any CPU.Build.0 = Release|Any CPU
	EndGlobalSection
	GlobalSection(SolutionProperties) = preSolution
		HideSolutionNode = FALSE
	EndGlobalSection
	GlobalSection(ExtensibilityGlobals) = postSolution
		SolutionGuid = {38C8CDF4-186F-4EEB-B7B2-1F26C543D5ED}
	EndGlobalSection
EndGlobal
