
Microsoft Visual Studio Solution File, Format Version 12.00
# Visual Studio Version 16
VisualStudioVersion = 16.0.31729.503
MinimumVisualStudioVersion = 10.0.40219.1
Project("{FAE04EC0-301F-11D3-BF4B-00C04F79EFBC}") = "IIS-Exercise-10", "IIS-Exercise-10\IIS-Exercise-10.csproj", "{C8CF8B05-68D5-43A3-8B01-3D0708FDA0B3}"
EndProject
Project("{FAE04EC0-301F-11D3-BF4B-00C04F79EFBC}") = "Reader", "Reader\Reader.csproj", "{F358CFE0-8595-4EBE-92A8-EE9C11E736CE}"
EndProject
Global
	GlobalSection(SolutionConfigurationPlatforms) = preSolution
		Debug|Any CPU = Debug|Any CPU
		Release|Any CPU = Release|Any CPU
	EndGlobalSection
	GlobalSection(ProjectConfigurationPlatforms) = postSolution
		{C8CF8B05-68D5-43A3-8B01-3D0708FDA0B3}.Debug|Any CPU.ActiveCfg = Debug|Any CPU
		{C8CF8B05-68D5-43A3-8B01-3D0708FDA0B3}.Debug|Any CPU.Build.0 = Debug|Any CPU
		{C8CF8B05-68D5-43A3-8B01-3D0708FDA0B3}.Release|Any CPU.ActiveCfg = Release|Any CPU
		{C8CF8B05-68D5-43A3-8B01-3D0708FDA0B3}.Release|Any CPU.Build.0 = Release|Any CPU
		{F358CFE0-8595-4EBE-92A8-EE9C11E736CE}.Debug|Any CPU.ActiveCfg = Debug|Any CPU
		{F358CFE0-8595-4EBE-92A8-EE9C11E736CE}.Debug|Any CPU.Build.0 = Debug|Any CPU
		{F358CFE0-8595-4EBE-92A8-EE9C11E736CE}.Release|Any CPU.ActiveCfg = Release|Any CPU
		{F358CFE0-8595-4EBE-92A8-EE9C11E736CE}.Release|Any CPU.Build.0 = Release|Any CPU
	EndGlobalSection
	GlobalSection(SolutionProperties) = preSolution
		HideSolutionNode = FALSE
	EndGlobalSection
	GlobalSection(ExtensibilityGlobals) = postSolution
		SolutionGuid = {0F357A76-A0FA-4D57-AA1C-8FC8B4990F8A}
	EndGlobalSection
EndGlobal
