
Microsoft Visual Studio Solution File, Format Version 12.00
# Visual Studio Version 16
VisualStudioVersion = 16.0.32002.261
MinimumVisualStudioVersion = 10.0.40219.1
Project("{FAE04EC0-301F-11D3-BF4B-00C04F79EFBC}") = "RestKlijent", "RestKlijent\RestKlijent.csproj", "{ABE6411E-04A4-4C95-AE36-EB24337D3DE2}"
EndProject
Global
	GlobalSection(SolutionConfigurationPlatforms) = preSolution
		Debug|Any CPU = Debug|Any CPU
		Release|Any CPU = Release|Any CPU
	EndGlobalSection
	GlobalSection(ProjectConfigurationPlatforms) = postSolution
		{ABE6411E-04A4-4C95-AE36-EB24337D3DE2}.Debug|Any CPU.ActiveCfg = Debug|Any CPU
		{ABE6411E-04A4-4C95-AE36-EB24337D3DE2}.Debug|Any CPU.Build.0 = Debug|Any CPU
		{ABE6411E-04A4-4C95-AE36-EB24337D3DE2}.Release|Any CPU.ActiveCfg = Release|Any CPU
		{ABE6411E-04A4-4C95-AE36-EB24337D3DE2}.Release|Any CPU.Build.0 = Release|Any CPU
	EndGlobalSection
	GlobalSection(SolutionProperties) = preSolution
		HideSolutionNode = FALSE
	EndGlobalSection
	GlobalSection(ExtensibilityGlobals) = postSolution
		SolutionGuid = {21F8DFA9-B8A6-4298-A500-3B5D17A55636}
	EndGlobalSection
EndGlobal
